
Microsoft Visual Studio Solution File, Format Version 12.00
# Visual Studio 2013
VisualStudioVersion = 12.0.30723.0
MinimumVisualStudioVersion = 10.0.40219.1
Project("{FAE04EC0-301F-11D3-BF4B-00C04F79EFBC}") = "CacheIO", "CacheIO\CacheIO.csproj", "{C3A0787B-29A8-4555-8E93-2AB7FDA324BA}"
EndProject
Project("{FAE04EC0-301F-11D3-BF4B-00C04F79EFBC}") = "Example", "Example\Example.csproj", "{7A437F74-4019-4F00-A855-EBE6153FF24E}"
	ProjectSection(ProjectDependencies) = postProject
		{C3A0787B-29A8-4555-8E93-2AB7FDA324BA} = {C3A0787B-29A8-4555-8E93-2AB7FDA324BA}
	EndProjectSection
EndProject
Global
	GlobalSection(SolutionConfigurationPlatforms) = preSolution
		Debug|Any CPU = Debug|Any CPU
		Release|Any CPU = Release|Any CPU
	EndGlobalSection
	GlobalSection(ProjectConfigurationPlatforms) = postSolution
		{C3A0787B-29A8-4555-8E93-2AB7FDA324BA}.Debug|Any CPU.ActiveCfg = Debug|Any CPU
		{C3A0787B-29A8-4555-8E93-2AB7FDA324BA}.Debug|Any CPU.Build.0 = Debug|Any CPU
		{C3A0787B-29A8-4555-8E93-2AB7FDA324BA}.Release|Any CPU.ActiveCfg = Release|Any CPU
		{C3A0787B-29A8-4555-8E93-2AB7FDA324BA}.Release|Any CPU.Build.0 = Release|Any CPU
		{7A437F74-4019-4F00-A855-EBE6153FF24E}.Debug|Any CPU.ActiveCfg = Debug|Any CPU
		{7A437F74-4019-4F00-A855-EBE6153FF24E}.Debug|Any CPU.Build.0 = Debug|Any CPU
		{7A437F74-4019-4F00-A855-EBE6153FF24E}.Release|Any CPU.ActiveCfg = Release|Any CPU
		{7A437F74-4019-4F00-A855-EBE6153FF24E}.Release|Any CPU.Build.0 = Release|Any CPU
	EndGlobalSection
	GlobalSection(SolutionProperties) = preSolution
		HideSolutionNode = FALSE
	EndGlobalSection
EndGlobal
